// !$*UTF8*$!
{
	archiveVersion = 1;
	classes = {
	};
	objectVersion = 46;
	objects = {

/* Begin PBXBuildFile section */
		483F8A0A1636A4C9003018F7 /* Net.cpp in Sources */ = {isa = PBXBuildFile; fileRef = 483F8A091636A4C9003018F7 /* Net.cpp */; };
		483F8A101636D7E5003018F7 /* LolaNetParser.cpp in Sources */ = {isa = PBXBuildFile; fileRef = 483F8A0E1636D7E4003018F7 /* LolaNetParser.cpp */; };
		4864D9471642929700759CE9 /* ConstructEnvironment.cpp in Sources */ = {isa = PBXBuildFile; fileRef = 4864D9451642929700759CE9 /* ConstructEnvironment.cpp */; };
		4877AC5D16393F59006CA8C7 /* BehaviorState.cpp in Sources */ = {isa = PBXBuildFile; fileRef = 4877AC5B16393F59006CA8C7 /* BehaviorState.cpp */; };
		4877AC6516394032006CA8C7 /* TimeMarking.cpp in Sources */ = {isa = PBXBuildFile; fileRef = 4877AC6316394032006CA8C7 /* TimeMarking.cpp */; };
		4877AC6916394117006CA8C7 /* BehaviorEdge.cpp in Sources */ = {isa = PBXBuildFile; fileRef = 4877AC6716394117006CA8C7 /* BehaviorEdge.cpp */; };
		4877AC6C16394C72006CA8C7 /* Behavior.cpp in Sources */ = {isa = PBXBuildFile; fileRef = 4877AC6A16394C72006CA8C7 /* Behavior.cpp */; };
		4877AC7316397373006CA8C7 /* FiringRule.cpp in Sources */ = {isa = PBXBuildFile; fileRef = 4877AC7116397373006CA8C7 /* FiringRule.cpp */; };
		4877AC76163996D3006CA8C7 /* ConstructBehavior.cpp in Sources */ = {isa = PBXBuildFile; fileRef = 4877AC74163996D3006CA8C7 /* ConstructBehavior.cpp */; };
		4878F92E1657CE9C003857EA /* ConstructMPP.cpp in Sources */ = {isa = PBXBuildFile; fileRef = 4878F92C1657CE9C003857EA /* ConstructMPP.cpp */; };
		4878F9341657D606003857EA /* MPPEdge.cpp in Sources */ = {isa = PBXBuildFile; fileRef = 4878F9321657D606003857EA /* MPPEdge.cpp */; };
		4878F9371657D6B6003857EA /* MPPState.cpp in Sources */ = {isa = PBXBuildFile; fileRef = 4878F9351657D6B6003857EA /* MPPState.cpp */; };
		4878F93E1657EA4E003857EA /* MPP.cpp in Sources */ = {isa = PBXBuildFile; fileRef = 4878F93C1657EA4E003857EA /* MPP.cpp */; };
		4878F9451658270C003857EA /* ConvertMPPToDot.cpp in Sources */ = {isa = PBXBuildFile; fileRef = 4878F9431658270C003857EA /* ConvertMPPToDot.cpp */; };
		48A0E920163A891D0034F190 /* ConvertBehaviorToDot.cpp in Sources */ = {isa = PBXBuildFile; fileRef = 48A0E91E163A891D0034F190 /* ConvertBehaviorToDot.cpp */; };
		48E2209B162326ED009CC271 /* main.cpp in Sources */ = {isa = PBXBuildFile; fileRef = 48E22093162326ED009CC271 /* main.cpp */; };
		48E2209C162326ED009CC271 /* NetNode.cpp in Sources */ = {isa = PBXBuildFile; fileRef = 48E22097162326ED009CC271 /* NetNode.cpp */; };
		48E2209E16232C3C009CC271 /* Transition.cpp in Sources */ = {isa = PBXBuildFile; fileRef = 48E2209D16232C3C009CC271 /* Transition.cpp */; };
/* End PBXBuildFile section */

/* Begin PBXCopyFilesBuildPhase section */
		48E2207516232616009CC271 /* CopyFiles */ = {
			isa = PBXCopyFilesBuildPhase;
			buildActionMask = 2147483647;
			dstPath = /usr/share/man/man1/;
			dstSubfolderSpec = 0;
			files = (
			);
			runOnlyForDeploymentPostprocessing = 1;
		};
/* End PBXCopyFilesBuildPhase section */

/* Begin PBXFileReference section */
		483F8A041636A075003018F7 /* GraphNodeStore.h */ = {isa = PBXFileReference; lastKnownFileType = sourcecode.c.h; path = GraphNodeStore.h; sourceTree = "<group>"; };
		483F8A061636A1EF003018F7 /* NetNodeStore.h */ = {isa = PBXFileReference; lastKnownFileType = sourcecode.c.h; path = NetNodeStore.h; sourceTree = "<group>"; };
		483F8A081636A3AE003018F7 /* Net.h */ = {isa = PBXFileReference; lastKnownFileType = sourcecode.c.h; path = Net.h; sourceTree = "<group>"; };
		483F8A091636A4C9003018F7 /* Net.cpp */ = {isa = PBXFileReference; fileEncoding = 4; lastKnownFileType = sourcecode.cpp.cpp; path = Net.cpp; sourceTree = "<group>"; };
		483F8A0E1636D7E4003018F7 /* LolaNetParser.cpp */ = {isa = PBXFileReference; fileEncoding = 4; lastKnownFileType = sourcecode.cpp.cpp; path = LolaNetParser.cpp; sourceTree = "<group>"; };
		483F8A0F1636D7E5003018F7 /* LolaNetParser.h */ = {isa = PBXFileReference; fileEncoding = 4; lastKnownFileType = sourcecode.c.h; path = LolaNetParser.h; sourceTree = "<group>"; };
		483F8A111636E53C003018F7 /* PlaceMarking.h */ = {isa = PBXFileReference; lastKnownFileType = sourcecode.c.h; path = PlaceMarking.h; sourceTree = "<group>"; };
		483F8A121636E59B003018F7 /* NetTypes.h */ = {isa = PBXFileReference; lastKnownFileType = sourcecode.c.h; path = NetTypes.h; sourceTree = "<group>"; };
		4864D9451642929700759CE9 /* ConstructEnvironment.cpp */ = {isa = PBXFileReference; fileEncoding = 4; lastKnownFileType = sourcecode.cpp.cpp; path = ConstructEnvironment.cpp; sourceTree = "<group>"; };
		4864D9461642929700759CE9 /* ConstructEnvironment.h */ = {isa = PBXFileReference; fileEncoding = 4; lastKnownFileType = sourcecode.c.h; path = ConstructEnvironment.h; sourceTree = "<group>"; };
		4877AC591639361E006CA8C7 /* test.net */ = {isa = PBXFileReference; lastKnownFileType = text; path = test.net; sourceTree = "<group>"; };
		4877AC5B16393F59006CA8C7 /* BehaviorState.cpp */ = {isa = PBXFileReference; fileEncoding = 4; lastKnownFileType = sourcecode.cpp.cpp; path = BehaviorState.cpp; sourceTree = "<group>"; };
		4877AC5C16393F59006CA8C7 /* BehaviorState.h */ = {isa = PBXFileReference; fileEncoding = 4; lastKnownFileType = sourcecode.c.h; path = BehaviorState.h; sourceTree = "<group>"; };
		4877AC6216394032006CA8C7 /* NetState.h */ = {isa = PBXFileReference; fileEncoding = 4; lastKnownFileType = sourcecode.c.h; path = NetState.h; sourceTree = "<group>"; };
		4877AC6316394032006CA8C7 /* TimeMarking.cpp */ = {isa = PBXFileReference; fileEncoding = 4; lastKnownFileType = sourcecode.cpp.cpp; path = TimeMarking.cpp; sourceTree = "<group>"; };
		4877AC6416394032006CA8C7 /* TimeMarking.h */ = {isa = PBXFileReference; fileEncoding = 4; lastKnownFileType = sourcecode.c.h; path = TimeMarking.h; sourceTree = "<group>"; };
		4877AC6716394117006CA8C7 /* BehaviorEdge.cpp */ = {isa = PBXFileReference; fileEncoding = 4; lastKnownFileType = sourcecode.cpp.cpp; path = BehaviorEdge.cpp; sourceTree = "<group>"; };
		4877AC6816394117006CA8C7 /* BehaviorEdge.h */ = {isa = PBXFileReference; fileEncoding = 4; lastKnownFileType = sourcecode.c.h; path = BehaviorEdge.h; sourceTree = "<group>"; };
		4877AC6A16394C72006CA8C7 /* Behavior.cpp */ = {isa = PBXFileReference; fileEncoding = 4; lastKnownFileType = sourcecode.cpp.cpp; path = Behavior.cpp; sourceTree = "<group>"; };
		4877AC6B16394C72006CA8C7 /* Behavior.h */ = {isa = PBXFileReference; fileEncoding = 4; lastKnownFileType = sourcecode.c.h; path = Behavior.h; sourceTree = "<group>"; };
		4877AC7116397373006CA8C7 /* FiringRule.cpp */ = {isa = PBXFileReference; fileEncoding = 4; lastKnownFileType = sourcecode.cpp.cpp; path = FiringRule.cpp; sourceTree = "<group>"; };
		4877AC7216397373006CA8C7 /* FiringRule.h */ = {isa = PBXFileReference; fileEncoding = 4; lastKnownFileType = sourcecode.c.h; path = FiringRule.h; sourceTree = "<group>"; };
		4877AC74163996D3006CA8C7 /* ConstructBehavior.cpp */ = {isa = PBXFileReference; fileEncoding = 4; lastKnownFileType = sourcecode.cpp.cpp; path = ConstructBehavior.cpp; sourceTree = "<group>"; };
		4877AC75163996D3006CA8C7 /* ConstructBehavior.h */ = {isa = PBXFileReference; fileEncoding = 4; lastKnownFileType = sourcecode.c.h; path = ConstructBehavior.h; sourceTree = "<group>"; };
		4878F92C1657CE9C003857EA /* ConstructMPP.cpp */ = {isa = PBXFileReference; fileEncoding = 4; lastKnownFileType = sourcecode.cpp.cpp; path = ConstructMPP.cpp; sourceTree = "<group>"; };
		4878F92D1657CE9C003857EA /* ConstructMPP.h */ = {isa = PBXFileReference; fileEncoding = 4; lastKnownFileType = sourcecode.c.h; path = ConstructMPP.h; sourceTree = "<group>"; };
		4878F9321657D606003857EA /* MPPEdge.cpp */ = {isa = PBXFileReference; fileEncoding = 4; lastKnownFileType = sourcecode.cpp.cpp; path = MPPEdge.cpp; sourceTree = SOURCE_ROOT; };
		4878F9331657D606003857EA /* MPPEdge.h */ = {isa = PBXFileReference; fileEncoding = 4; lastKnownFileType = sourcecode.c.h; path = MPPEdge.h; sourceTree = SOURCE_ROOT; };
		4878F9351657D6B6003857EA /* MPPState.cpp */ = {isa = PBXFileReference; fileEncoding = 4; lastKnownFileType = sourcecode.cpp.cpp; path = MPPState.cpp; sourceTree = SOURCE_ROOT; };
		4878F9361657D6B6003857EA /* MPPState.h */ = {isa = PBXFileReference; fileEncoding = 4; lastKnownFileType = sourcecode.c.h; path = MPPState.h; sourceTree = SOURCE_ROOT; };
		4878F93C1657EA4E003857EA /* MPP.cpp */ = {isa = PBXFileReference; fileEncoding = 4; lastKnownFileType = sourcecode.cpp.cpp; path = MPP.cpp; sourceTree = SOURCE_ROOT; };
		4878F93D1657EA4E003857EA /* MPP.h */ = {isa = PBXFileReference; fileEncoding = 4; lastKnownFileType = sourcecode.c.h; path = MPP.h; sourceTree = SOURCE_ROOT; };
		4878F9431658270C003857EA /* ConvertMPPToDot.cpp */ = {isa = PBXFileReference; fileEncoding = 4; lastKnownFileType = sourcecode.cpp.cpp; path = ConvertMPPToDot.cpp; sourceTree = "<group>"; };
		4878F9441658270C003857EA /* ConvertMPPToDot.h */ = {isa = PBXFileReference; fileEncoding = 4; lastKnownFileType = sourcecode.c.h; path = ConvertMPPToDot.h; sourceTree = "<group>"; };
		48790AF21653DCAB0003766B /* test_partner.net */ = {isa = PBXFileReference; fileEncoding = 4; lastKnownFileType = text; path = test_partner.net; sourceTree = "<group>"; };
		48A0E91E163A891D0034F190 /* ConvertBehaviorToDot.cpp */ = {isa = PBXFileReference; fileEncoding = 4; lastKnownFileType = sourcecode.cpp.cpp; path = ConvertBehaviorToDot.cpp; sourceTree = "<group>"; };
		48A0E91F163A891D0034F190 /* ConvertBehaviorToDot.h */ = {isa = PBXFileReference; fileEncoding = 4; lastKnownFileType = sourcecode.c.h; path = ConvertBehaviorToDot.h; sourceTree = "<group>"; };
		48A0E922163A8E0E0034F190 /* GraphAlgorithms.h */ = {isa = PBXFileReference; lastKnownFileType = sourcecode.c.h; path = GraphAlgorithms.h; sourceTree = "<group>"; };
		48E2207716232616009CC271 /* Tippi */ = {isa = PBXFileReference; explicitFileType = "compiled.mach-o.executable"; includeInIndex = 0; path = Tippi; sourceTree = BUILT_PRODUCTS_DIR; };
		48E22091162326ED009CC271 /* GraphEdge.h */ = {isa = PBXFileReference; fileEncoding = 4; lastKnownFileType = sourcecode.c.h; path = GraphEdge.h; sourceTree = "<group>"; };
		48E22092162326ED009CC271 /* GraphNode.h */ = {isa = PBXFileReference; fileEncoding = 4; lastKnownFileType = sourcecode.c.h; path = GraphNode.h; sourceTree = "<group>"; };
		48E22093162326ED009CC271 /* main.cpp */ = {isa = PBXFileReference; fileEncoding = 4; lastKnownFileType = sourcecode.cpp.cpp; path = main.cpp; sourceTree = "<group>"; };
		48E22096162326ED009CC271 /* Arc.h */ = {isa = PBXFileReference; fileEncoding = 4; lastKnownFileType = sourcecode.c.h; path = Arc.h; sourceTree = "<group>"; };
		48E22097162326ED009CC271 /* NetNode.cpp */ = {isa = PBXFileReference; fileEncoding = 4; lastKnownFileType = sourcecode.cpp.cpp; path = NetNode.cpp; sourceTree = "<group>"; };
		48E22098162326ED009CC271 /* NetNode.h */ = {isa = PBXFileReference; fileEncoding = 4; lastKnownFileType = sourcecode.c.h; path = NetNode.h; sourceTree = "<group>"; };
		48E22099162326ED009CC271 /* Place.h */ = {isa = PBXFileReference; fileEncoding = 4; lastKnownFileType = sourcecode.c.h; path = Place.h; sourceTree = "<group>"; };
		48E2209A162326ED009CC271 /* Transition.h */ = {isa = PBXFileReference; fileEncoding = 4; lastKnownFileType = sourcecode.c.h; path = Transition.h; sourceTree = "<group>"; };
		48E2209D16232C3C009CC271 /* Transition.cpp */ = {isa = PBXFileReference; fileEncoding = 4; lastKnownFileType = sourcecode.cpp.cpp; path = Transition.cpp; sourceTree = "<group>"; };
/* End PBXFileReference section */

/* Begin PBXFrameworksBuildPhase section */
		48E2207416232616009CC271 /* Frameworks */ = {
			isa = PBXFrameworksBuildPhase;
			buildActionMask = 2147483647;
			files = (
			);
			runOnlyForDeploymentPostprocessing = 0;
		};
/* End PBXFrameworksBuildPhase section */

/* Begin PBXGroup section */
		4877AC581639361E006CA8C7 /* Data */ = {
			isa = PBXGroup;
			children = (
				4877AC591639361E006CA8C7 /* test.net */,
				48790AF21653DCAB0003766B /* test_partner.net */,
			);
			name = Data;
			path = ../Data;
			sourceTree = "<group>";
		};
		4877AC6D16396755006CA8C7 /* Algorithms */ = {
			isa = PBXGroup;
			children = (
				4877AC74163996D3006CA8C7 /* ConstructBehavior.cpp */,
				4877AC75163996D3006CA8C7 /* ConstructBehavior.h */,
				4864D9451642929700759CE9 /* ConstructEnvironment.cpp */,
				4864D9461642929700759CE9 /* ConstructEnvironment.h */,
				4878F92C1657CE9C003857EA /* ConstructMPP.cpp */,
				4878F92D1657CE9C003857EA /* ConstructMPP.h */,
				48A0E91E163A891D0034F190 /* ConvertBehaviorToDot.cpp */,
				48A0E91F163A891D0034F190 /* ConvertBehaviorToDot.h */,
				4878F9431658270C003857EA /* ConvertMPPToDot.cpp */,
				4878F9441658270C003857EA /* ConvertMPPToDot.h */,
			);
			path = Algorithms;
			sourceTree = "<group>";
		};
		48E2206C16232616009CC271 = {
			isa = PBXGroup;
			children = (
				4877AC581639361E006CA8C7 /* Data */,
				48E2208E162326ED009CC271 /* Source */,
				48E2207816232616009CC271 /* Products */,
			);
			sourceTree = "<group>";
		};
		48E2207816232616009CC271 /* Products */ = {
			isa = PBXGroup;
			children = (
				48E2207716232616009CC271 /* Tippi */,
			);
			name = Products;
			sourceTree = "<group>";
		};
		48E2208E162326ED009CC271 /* Source */ = {
			isa = PBXGroup;
			children = (
				4877AC6D16396755006CA8C7 /* Algorithms */,
				48E2208F162326ED009CC271 /* Behavior */,
				48E22090162326ED009CC271 /* Graph */,
				48E22094162326ED009CC271 /* MPP */,
				48E22095162326ED009CC271 /* Net */,
				48E22093162326ED009CC271 /* main.cpp */,
			);
			name = Source;
			path = ../Source;
			sourceTree = "<group>";
		};
		48E2208F162326ED009CC271 /* Behavior */ = {
			isa = PBXGroup;
			children = (
				4877AC6A16394C72006CA8C7 /* Behavior.cpp */,
				4877AC6B16394C72006CA8C7 /* Behavior.h */,
				4877AC6716394117006CA8C7 /* BehaviorEdge.cpp */,
				4877AC6816394117006CA8C7 /* BehaviorEdge.h */,
				4877AC5B16393F59006CA8C7 /* BehaviorState.cpp */,
				4877AC5C16393F59006CA8C7 /* BehaviorState.h */,
			);
			path = Behavior;
			sourceTree = "<group>";
		};
		48E22090162326ED009CC271 /* Graph */ = {
			isa = PBXGroup;
			children = (
				48A0E922163A8E0E0034F190 /* GraphAlgorithms.h */,
				48E22091162326ED009CC271 /* GraphEdge.h */,
				48E22092162326ED009CC271 /* GraphNode.h */,
				483F8A041636A075003018F7 /* GraphNodeStore.h */,
			);
			path = Graph;
			sourceTree = "<group>";
		};
		48E22094162326ED009CC271 /* MPP */ = {
			isa = PBXGroup;
			children = (
				4878F93C1657EA4E003857EA /* MPP.cpp */,
				4878F93D1657EA4E003857EA /* MPP.h */,
				4878F9321657D606003857EA /* MPPEdge.cpp */,
				4878F9331657D606003857EA /* MPPEdge.h */,
				4878F9351657D6B6003857EA /* MPPState.cpp */,
				4878F9361657D6B6003857EA /* MPPState.h */,
			);
			path = MPP;
			sourceTree = "<group>";
		};
		48E22095162326ED009CC271 /* Net */ = {
			isa = PBXGroup;
			children = (
				48E22096162326ED009CC271 /* Arc.h */,
				4877AC7116397373006CA8C7 /* FiringRule.cpp */,
				4877AC7216397373006CA8C7 /* FiringRule.h */,
				483F8A0E1636D7E4003018F7 /* LolaNetParser.cpp */,
				483F8A0F1636D7E5003018F7 /* LolaNetParser.h */,
				483F8A091636A4C9003018F7 /* Net.cpp */,
				483F8A081636A3AE003018F7 /* Net.h */,
				48E22097162326ED009CC271 /* NetNode.cpp */,
				48E22098162326ED009CC271 /* NetNode.h */,
				483F8A061636A1EF003018F7 /* NetNodeStore.h */,
				483F8A121636E59B003018F7 /* NetTypes.h */,
				48E22099162326ED009CC271 /* Place.h */,
				483F8A111636E53C003018F7 /* PlaceMarking.h */,
				4877AC6216394032006CA8C7 /* NetState.h */,
				4877AC6316394032006CA8C7 /* TimeMarking.cpp */,
				4877AC6416394032006CA8C7 /* TimeMarking.h */,
				48E2209D16232C3C009CC271 /* Transition.cpp */,
				48E2209A162326ED009CC271 /* Transition.h */,
			);
			path = Net;
			sourceTree = "<group>";
		};
/* End PBXGroup section */

/* Begin PBXNativeTarget section */
		48E2207616232616009CC271 /* Tippi */ = {
			isa = PBXNativeTarget;
			buildConfigurationList = 48E2208116232616009CC271 /* Build configuration list for PBXNativeTarget "Tippi" */;
			buildPhases = (
				48E2207316232616009CC271 /* Sources */,
				48E2207416232616009CC271 /* Frameworks */,
				48E2207516232616009CC271 /* CopyFiles */,
			);
			buildRules = (
			);
			dependencies = (
			);
			name = Tippi;
			productName = Tippi;
			productReference = 48E2207716232616009CC271 /* Tippi */;
			productType = "com.apple.product-type.tool";
		};
/* End PBXNativeTarget section */

/* Begin PBXProject section */
		48E2206E16232616009CC271 /* Project object */ = {
			isa = PBXProject;
			attributes = {
				LastUpgradeCheck = 0450;
				ORGANIZATIONNAME = "TU Berlin";
			};
			buildConfigurationList = 48E2207116232616009CC271 /* Build configuration list for PBXProject "Tippi" */;
			compatibilityVersion = "Xcode 3.2";
			developmentRegion = English;
			hasScannedForEncodings = 0;
			knownRegions = (
				en,
			);
			mainGroup = 48E2206C16232616009CC271;
			productRefGroup = 48E2207816232616009CC271 /* Products */;
			projectDirPath = "";
			projectRoot = "";
			targets = (
				48E2207616232616009CC271 /* Tippi */,
			);
		};
/* End PBXProject section */

/* Begin PBXSourcesBuildPhase section */
		48E2207316232616009CC271 /* Sources */ = {
			isa = PBXSourcesBuildPhase;
			buildActionMask = 2147483647;
			files = (
				48E2209B162326ED009CC271 /* main.cpp in Sources */,
				48E2209C162326ED009CC271 /* NetNode.cpp in Sources */,
				48E2209E16232C3C009CC271 /* Transition.cpp in Sources */,
				483F8A0A1636A4C9003018F7 /* Net.cpp in Sources */,
				483F8A101636D7E5003018F7 /* LolaNetParser.cpp in Sources */,
				4877AC5D16393F59006CA8C7 /* BehaviorState.cpp in Sources */,
				4877AC6516394032006CA8C7 /* TimeMarking.cpp in Sources */,
				4877AC6916394117006CA8C7 /* BehaviorEdge.cpp in Sources */,
				4877AC6C16394C72006CA8C7 /* Behavior.cpp in Sources */,
				4877AC7316397373006CA8C7 /* FiringRule.cpp in Sources */,
				4877AC76163996D3006CA8C7 /* ConstructBehavior.cpp in Sources */,
				48A0E920163A891D0034F190 /* ConvertBehaviorToDot.cpp in Sources */,
				4864D9471642929700759CE9 /* ConstructEnvironment.cpp in Sources */,
				4878F92E1657CE9C003857EA /* ConstructMPP.cpp in Sources */,
				4878F9341657D606003857EA /* MPPEdge.cpp in Sources */,
				4878F9371657D6B6003857EA /* MPPState.cpp in Sources */,
				4878F93E1657EA4E003857EA /* MPP.cpp in Sources */,
				4878F9451658270C003857EA /* ConvertMPPToDot.cpp in Sources */,
			);
			runOnlyForDeploymentPostprocessing = 0;
		};
/* End PBXSourcesBuildPhase section */

/* Begin XCBuildConfiguration section */
		48E2207F16232616009CC271 /* Debug */ = {
			isa = XCBuildConfiguration;
			buildSettings = {
				ALWAYS_SEARCH_USER_PATHS = NO;
				ARCHS = "$(ARCHS_STANDARD_64_BIT)";
				CLANG_CXX_LANGUAGE_STANDARD = "gnu++0x";
				CLANG_CXX_LIBRARY = "libc++";
				CLANG_WARN_EMPTY_BODY = YES;
				CLANG_WARN__DUPLICATE_METHOD_MATCH = YES;
				COPY_PHASE_STRIP = NO;
				GCC_C_LANGUAGE_STANDARD = gnu99;
				GCC_DYNAMIC_NO_PIC = NO;
				GCC_ENABLE_OBJC_EXCEPTIONS = YES;
				GCC_OPTIMIZATION_LEVEL = 0;
				GCC_PREPROCESSOR_DEFINITIONS = (
					"DEBUG=1",
					"$(inherited)",
				);
				GCC_SYMBOLS_PRIVATE_EXTERN = NO;
				GCC_WARN_64_TO_32_BIT_CONVERSION = YES;
				GCC_WARN_ABOUT_RETURN_TYPE = YES;
				GCC_WARN_UNINITIALIZED_AUTOS = YES;
				GCC_WARN_UNUSED_VARIABLE = YES;
				MACOSX_DEPLOYMENT_TARGET = 10.8;
				ONLY_ACTIVE_ARCH = YES;
				SDKROOT = macosx;
			};
			name = Debug;
		};
		48E2208016232616009CC271 /* Release */ = {
			isa = XCBuildConfiguration;
			buildSettings = {
				ALWAYS_SEARCH_USER_PATHS = NO;
				ARCHS = "$(ARCHS_STANDARD_64_BIT)";
				CLANG_CXX_LANGUAGE_STANDARD = "gnu++0x";
				CLANG_CXX_LIBRARY = "libc++";
				CLANG_WARN_EMPTY_BODY = YES;
				CLANG_WARN__DUPLICATE_METHOD_MATCH = YES;
				COPY_PHASE_STRIP = YES;
				DEBUG_INFORMATION_FORMAT = "dwarf-with-dsym";
				GCC_C_LANGUAGE_STANDARD = gnu99;
				GCC_ENABLE_OBJC_EXCEPTIONS = YES;
				GCC_WARN_64_TO_32_BIT_CONVERSION = YES;
				GCC_WARN_ABOUT_RETURN_TYPE = YES;
				GCC_WARN_UNINITIALIZED_AUTOS = YES;
				GCC_WARN_UNUSED_VARIABLE = YES;
				MACOSX_DEPLOYMENT_TARGET = 10.8;
				SDKROOT = macosx;
			};
			name = Release;
		};
		48E2208216232616009CC271 /* Debug */ = {
			isa = XCBuildConfiguration;
			buildSettings = {
				CLANG_CXX_LANGUAGE_STANDARD = "gnu++98";
				CLANG_CXX_LIBRARY = "compiler-default";
				PRODUCT_NAME = "$(TARGET_NAME)";
			};
			name = Debug;
		};
		48E2208316232616009CC271 /* Release */ = {
			isa = XCBuildConfiguration;
			buildSettings = {
				CLANG_CXX_LANGUAGE_STANDARD = "gnu++98";
				CLANG_CXX_LIBRARY = "compiler-default";
				PRODUCT_NAME = "$(TARGET_NAME)";
			};
			name = Release;
		};
/* End XCBuildConfiguration section */

/* Begin XCConfigurationList section */
		48E2207116232616009CC271 /* Build configuration list for PBXProject "Tippi" */ = {
			isa = XCConfigurationList;
			buildConfigurations = (
				48E2207F16232616009CC271 /* Debug */,
				48E2208016232616009CC271 /* Release */,
			);
			defaultConfigurationIsVisible = 0;
			defaultConfigurationName = Release;
		};
		48E2208116232616009CC271 /* Build configuration list for PBXNativeTarget "Tippi" */ = {
			isa = XCConfigurationList;
			buildConfigurations = (
				48E2208216232616009CC271 /* Debug */,
				48E2208316232616009CC271 /* Release */,
			);
			defaultConfigurationIsVisible = 0;
			defaultConfigurationName = Release;
		};
/* End XCConfigurationList section */
	};
	rootObject = 48E2206E16232616009CC271 /* Project object */;
}
